
Microsoft Visual Studio Solution File, Format Version 12.00
# Visual Studio Version 17
VisualStudioVersion = 17.3.32825.248
MinimumVisualStudioVersion = 10.0.40219.1
Project("{FAE04EC0-301F-11D3-BF4B-00C04F79EFBC}") = "EFMVC", "EFMVC\EFMVC.csproj", "{306559CA-F28D-4CCF-8B88-6C3E4703AC4C}"
EndProject
Global
	GlobalSection(SolutionConfigurationPlatforms) = preSolution
		Debug|Any CPU = Debug|Any CPU
		Release|Any CPU = Release|Any CPU
	EndGlobalSection
	GlobalSection(ProjectConfigurationPlatforms) = postSolution
		{306559CA-F28D-4CCF-8B88-6C3E4703AC4C}.Debug|Any CPU.ActiveCfg = Debug|Any CPU
		{306559CA-F28D-4CCF-8B88-6C3E4703AC4C}.Debug|Any CPU.Build.0 = Debug|Any CPU
		{306559CA-F28D-4CCF-8B88-6C3E4703AC4C}.Release|Any CPU.ActiveCfg = Release|Any CPU
		{306559CA-F28D-4CCF-8B88-6C3E4703AC4C}.Release|Any CPU.Build.0 = Release|Any CPU
	EndGlobalSection
	GlobalSection(SolutionProperties) = preSolution
		HideSolutionNode = FALSE
	EndGlobalSection
	GlobalSection(ExtensibilityGlobals) = postSolution
		SolutionGuid = {68369AAB-D8F8-4D6F-9D39-F601811AF7E9}
	EndGlobalSection
EndGlobal
